
Microsoft Visual Studio Solution File, Format Version 12.00
# Visual Studio Version 17
VisualStudioVersion = 17.11.35103.136
MinimumVisualStudioVersion = 10.0.40219.1
Project("{9A19103F-16F7-4668-BE54-9A1E7A4F7556}") = "VAN.Server", "VAN.Server\VAN.Server.csproj", "{E94396B8-7198-413D-9124-ABDD485FDA11}"
	ProjectSection(ProjectDependencies) = postProject
		{663A2E5C-9973-4103-B4ED-8978EBF236A1} = {663A2E5C-9973-4103-B4ED-8978EBF236A1}
		{E47A207C-8A62-48B0-A10B-562FC6E71DEC} = {E47A207C-8A62-48B0-A10B-562FC6E71DEC}
		{F4A131BD-AC7B-42F9-8137-39EC22D86D74} = {F4A131BD-AC7B-42F9-8137-39EC22D86D74}
	EndProjectSection
EndProject
Project("{54A90642-561A-4BB1-A94E-469ADEE60C69}") = "van.client", "van.client\van.client.esproj", "{58D077D0-C39E-4600-AD67-94C2A55EF5CD}"
EndProject
Project("{9A19103F-16F7-4668-BE54-9A1E7A4F7556}") = "VAN.WebCore", "VAN.WebCore\VAN.WebCore.csproj", "{0A3E24A1-D40A-46FC-8BDC-255E154F5482}"
EndProject
Project("{9A19103F-16F7-4668-BE54-9A1E7A4F7556}") = "VAN.SQLServerCore", "VAN.SQLServerCore\VAN.SQLServerCore.csproj", "{663A2E5C-9973-4103-B4ED-8978EBF236A1}"
	ProjectSection(ProjectDependencies) = postProject
		{E47A207C-8A62-48B0-A10B-562FC6E71DEC} = {E47A207C-8A62-48B0-A10B-562FC6E71DEC}
	EndProjectSection
EndProject
Project("{2150E333-8FDC-42A3-9474-1A3956D46DE8}") = "Web", "Web", "{72AEEC12-C5B8-41E1-9822-692AE221C44E}"
EndProject
Project("{2150E333-8FDC-42A3-9474-1A3956D46DE8}") = "SQLServer", "SQLServer", "{911C5E3E-8466-4A5C-BF34-FF2DE9197A2F}"
EndProject
Project("{2150E333-8FDC-42A3-9474-1A3956D46DE8}") = "AOP", "AOP", "{B66BB3FE-8F27-4F81-B81C-6795D655EAB4}"
EndProject
Project("{9A19103F-16F7-4668-BE54-9A1E7A4F7556}") = "AOPInit", "AOPInit\AOPInit.csproj", "{F4A131BD-AC7B-42F9-8137-39EC22D86D74}"
EndProject
Project("{2150E333-8FDC-42A3-9474-1A3956D46DE8}") = "Utils", "Utils", "{AC7535E5-F5B7-4901-BA3E-714C8ED09A1B}"
EndProject
Project("{9A19103F-16F7-4668-BE54-9A1E7A4F7556}") = "Utils", "Utils\Utils.csproj", "{E47A207C-8A62-48B0-A10B-562FC6E71DEC}"
EndProject
Global
	GlobalSection(SolutionConfigurationPlatforms) = preSolution
		Debug|Any CPU = Debug|Any CPU
		Release|Any CPU = Release|Any CPU
	EndGlobalSection
	GlobalSection(ProjectConfigurationPlatforms) = postSolution
		{E94396B8-7198-413D-9124-ABDD485FDA11}.Debug|Any CPU.ActiveCfg = Debug|Any CPU
		{E94396B8-7198-413D-9124-ABDD485FDA11}.Debug|Any CPU.Build.0 = Debug|Any CPU
		{E94396B8-7198-413D-9124-ABDD485FDA11}.Release|Any CPU.ActiveCfg = Release|Any CPU
		{E94396B8-7198-413D-9124-ABDD485FDA11}.Release|Any CPU.Build.0 = Release|Any CPU
		{58D077D0-C39E-4600-AD67-94C2A55EF5CD}.Debug|Any CPU.ActiveCfg = Debug|Any CPU
		{58D077D0-C39E-4600-AD67-94C2A55EF5CD}.Debug|Any CPU.Build.0 = Debug|Any CPU
		{58D077D0-C39E-4600-AD67-94C2A55EF5CD}.Debug|Any CPU.Deploy.0 = Debug|Any CPU
		{58D077D0-C39E-4600-AD67-94C2A55EF5CD}.Release|Any CPU.ActiveCfg = Release|Any CPU
		{58D077D0-C39E-4600-AD67-94C2A55EF5CD}.Release|Any CPU.Build.0 = Release|Any CPU
		{58D077D0-C39E-4600-AD67-94C2A55EF5CD}.Release|Any CPU.Deploy.0 = Release|Any CPU
		{0A3E24A1-D40A-46FC-8BDC-255E154F5482}.Debug|Any CPU.ActiveCfg = Debug|Any CPU
		{0A3E24A1-D40A-46FC-8BDC-255E154F5482}.Debug|Any CPU.Build.0 = Debug|Any CPU
		{0A3E24A1-D40A-46FC-8BDC-255E154F5482}.Release|Any CPU.ActiveCfg = Release|Any CPU
		{0A3E24A1-D40A-46FC-8BDC-255E154F5482}.Release|Any CPU.Build.0 = Release|Any CPU
		{663A2E5C-9973-4103-B4ED-8978EBF236A1}.Debug|Any CPU.ActiveCfg = Debug|Any CPU
		{663A2E5C-9973-4103-B4ED-8978EBF236A1}.Debug|Any CPU.Build.0 = Debug|Any CPU
		{663A2E5C-9973-4103-B4ED-8978EBF236A1}.Release|Any CPU.ActiveCfg = Release|Any CPU
		{663A2E5C-9973-4103-B4ED-8978EBF236A1}.Release|Any CPU.Build.0 = Release|Any CPU
		{F4A131BD-AC7B-42F9-8137-39EC22D86D74}.Debug|Any CPU.ActiveCfg = Debug|Any CPU
		{F4A131BD-AC7B-42F9-8137-39EC22D86D74}.Debug|Any CPU.Build.0 = Debug|Any CPU
		{F4A131BD-AC7B-42F9-8137-39EC22D86D74}.Release|Any CPU.ActiveCfg = Release|Any CPU
		{F4A131BD-AC7B-42F9-8137-39EC22D86D74}.Release|Any CPU.Build.0 = Release|Any CPU
		{E47A207C-8A62-48B0-A10B-562FC6E71DEC}.Debug|Any CPU.ActiveCfg = Debug|Any CPU
		{E47A207C-8A62-48B0-A10B-562FC6E71DEC}.Debug|Any CPU.Build.0 = Debug|Any CPU
		{E47A207C-8A62-48B0-A10B-562FC6E71DEC}.Release|Any CPU.ActiveCfg = Release|Any CPU
		{E47A207C-8A62-48B0-A10B-562FC6E71DEC}.Release|Any CPU.Build.0 = Release|Any CPU
	EndGlobalSection
	GlobalSection(SolutionProperties) = preSolution
		HideSolutionNode = FALSE
	EndGlobalSection
	GlobalSection(NestedProjects) = preSolution
		{58D077D0-C39E-4600-AD67-94C2A55EF5CD} = {72AEEC12-C5B8-41E1-9822-692AE221C44E}
		{0A3E24A1-D40A-46FC-8BDC-255E154F5482} = {72AEEC12-C5B8-41E1-9822-692AE221C44E}
		{663A2E5C-9973-4103-B4ED-8978EBF236A1} = {911C5E3E-8466-4A5C-BF34-FF2DE9197A2F}
		{F4A131BD-AC7B-42F9-8137-39EC22D86D74} = {B66BB3FE-8F27-4F81-B81C-6795D655EAB4}
		{E47A207C-8A62-48B0-A10B-562FC6E71DEC} = {AC7535E5-F5B7-4901-BA3E-714C8ED09A1B}
	EndGlobalSection
	GlobalSection(ExtensibilityGlobals) = postSolution
		SolutionGuid = {F434A875-7BA9-4D09-B8D0-67C4C903B62A}
	EndGlobalSection
EndGlobal
