
Microsoft Visual Studio Solution File, Format Version 12.00
# Visual Studio Version 17
VisualStudioVersion = 17.11.35103.136
MinimumVisualStudioVersion = 10.0.40219.1
Project("{9A19103F-16F7-4668-BE54-9A1E7A4F7556}") = "VAN.Server", "VAN.Server\VAN.Server.csproj", "{E94396B8-7198-413D-9124-ABDD485FDA11}"
	ProjectSection(ProjectDependencies) = postProject
		{663A2E5C-9973-4103-B4ED-8978EBF236A1} = {663A2E5C-9973-4103-B4ED-8978EBF236A1}
	EndProjectSection
EndProject
Project("{54A90642-561A-4BB1-A94E-469ADEE60C69}") = "van.client", "van.client\van.client.esproj", "{58D077D0-C39E-4600-AD67-94C2A55EF5CD}"
EndProject
Project("{9A19103F-16F7-4668-BE54-9A1E7A4F7556}") = "VAN.WebCore", "VAN.WebCore\VAN.WebCore.csproj", "{0A3E24A1-D40A-46FC-8BDC-255E154F5482}"
EndProject
Project("{9A19103F-16F7-4668-BE54-9A1E7A4F7556}") = "VAN.SQLServerCore", "VAN.SQLServerCore\VAN.SQLServerCore.csproj", "{663A2E5C-9973-4103-B4ED-8978EBF236A1}"
EndProject
Project("{FAE04EC0-301F-11D3-BF4B-00C04F79EFBC}") = "Console", "Console\Console.csproj", "{95C9B824-92A5-463C-876E-3B4C69E2923C}"
EndProject
Global
	GlobalSection(SolutionConfigurationPlatforms) = preSolution
		Debug|Any CPU = Debug|Any CPU
		Release|Any CPU = Release|Any CPU
	EndGlobalSection
	GlobalSection(ProjectConfigurationPlatforms) = postSolution
		{E94396B8-7198-413D-9124-ABDD485FDA11}.Debug|Any CPU.ActiveCfg = Debug|Any CPU
		{E94396B8-7198-413D-9124-ABDD485FDA11}.Debug|Any CPU.Build.0 = Debug|Any CPU
		{E94396B8-7198-413D-9124-ABDD485FDA11}.Release|Any CPU.ActiveCfg = Release|Any CPU
		{E94396B8-7198-413D-9124-ABDD485FDA11}.Release|Any CPU.Build.0 = Release|Any CPU
		{58D077D0-C39E-4600-AD67-94C2A55EF5CD}.Debug|Any CPU.ActiveCfg = Debug|Any CPU
		{58D077D0-C39E-4600-AD67-94C2A55EF5CD}.Debug|Any CPU.Build.0 = Debug|Any CPU
		{58D077D0-C39E-4600-AD67-94C2A55EF5CD}.Debug|Any CPU.Deploy.0 = Debug|Any CPU
		{58D077D0-C39E-4600-AD67-94C2A55EF5CD}.Release|Any CPU.ActiveCfg = Release|Any CPU
		{58D077D0-C39E-4600-AD67-94C2A55EF5CD}.Release|Any CPU.Build.0 = Release|Any CPU
		{58D077D0-C39E-4600-AD67-94C2A55EF5CD}.Release|Any CPU.Deploy.0 = Release|Any CPU
		{0A3E24A1-D40A-46FC-8BDC-255E154F5482}.Debug|Any CPU.ActiveCfg = Debug|Any CPU
		{0A3E24A1-D40A-46FC-8BDC-255E154F5482}.Debug|Any CPU.Build.0 = Debug|Any CPU
		{0A3E24A1-D40A-46FC-8BDC-255E154F5482}.Release|Any CPU.ActiveCfg = Release|Any CPU
		{0A3E24A1-D40A-46FC-8BDC-255E154F5482}.Release|Any CPU.Build.0 = Release|Any CPU
		{663A2E5C-9973-4103-B4ED-8978EBF236A1}.Debug|Any CPU.ActiveCfg = Debug|Any CPU
		{663A2E5C-9973-4103-B4ED-8978EBF236A1}.Debug|Any CPU.Build.0 = Debug|Any CPU
		{663A2E5C-9973-4103-B4ED-8978EBF236A1}.Release|Any CPU.ActiveCfg = Release|Any CPU
		{663A2E5C-9973-4103-B4ED-8978EBF236A1}.Release|Any CPU.Build.0 = Release|Any CPU
		{95C9B824-92A5-463C-876E-3B4C69E2923C}.Debug|Any CPU.ActiveCfg = Debug|Any CPU
		{95C9B824-92A5-463C-876E-3B4C69E2923C}.Debug|Any CPU.Build.0 = Debug|Any CPU
		{95C9B824-92A5-463C-876E-3B4C69E2923C}.Release|Any CPU.ActiveCfg = Release|Any CPU
		{95C9B824-92A5-463C-876E-3B4C69E2923C}.Release|Any CPU.Build.0 = Release|Any CPU
	EndGlobalSection
	GlobalSection(SolutionProperties) = preSolution
		HideSolutionNode = FALSE
	EndGlobalSection
	GlobalSection(ExtensibilityGlobals) = postSolution
		SolutionGuid = {F434A875-7BA9-4D09-B8D0-67C4C903B62A}
	EndGlobalSection
EndGlobal
